Microsoft Visual Studio Solution File, Format Version 12.00
# Visual Studio 2012
Project("{FAE04EC0-301F-11D3-BF4B-00C04F79EFBC}") = "zombie-from-hell", "zombie-from-hell.csproj", "{C1B67AE6-B669-4A29-8E8E-53E8F7AE4EA7}"
EndProject
Global
	GlobalSection(SolutionConfigurationPlatforms) = preSolution
	Debug|Any CPU = Debug|Any CPU
	Release|Any CPU = Release|Any CPU
	Tools|Any CPU = Tools|Any CPU
	EndGlobalSection
	GlobalSection(ProjectConfigurationPlatforms) = postSolution
		{C1B67AE6-B669-4A29-8E8E-53E8F7AE4EA7}.Debug|Any CPU.ActiveCfg = Debug|Any CPU
		{C1B67AE6-B669-4A29-8E8E-53E8F7AE4EA7}.Debug|Any CPU.Build.0 = Debug|Any CPU
		{C1B67AE6-B669-4A29-8E8E-53E8F7AE4EA7}.Release|Any CPU.ActiveCfg = Release|Any CPU
		{C1B67AE6-B669-4A29-8E8E-53E8F7AE4EA7}.Release|Any CPU.Build.0 = Release|Any CPU
		{C1B67AE6-B669-4A29-8E8E-53E8F7AE4EA7}.Tools|Any CPU.ActiveCfg = Tools|Any CPU
		{C1B67AE6-B669-4A29-8E8E-53E8F7AE4EA7}.Tools|Any CPU.Build.0 = Tools|Any CPU
	EndGlobalSection
EndGlobal
